// !$*UTF8*$!
{
	archiveVersion = 1;
	classes = {
	};
	objectVersion = 48;
	objects = {

/* Begin PBXBuildFile section */
		719AC02BAEEC44D234717BB9 /* Pods_CityAdventure.framework in Frameworks */ = {isa = PBXBuildFile; fileRef = 44F1DD48C1BCB82079BD316E /* Pods_CityAdventure.framework */; };
		CE1DA223206B5B48000C36B2 /* SignUpViewSecondPresenter.swift in Sources */ = {isa = PBXBuildFile; fileRef = CE1DA222206B5B48000C36B2 /* SignUpViewSecondPresenter.swift */; };
		CE1DA225206B5E49000C36B2 /* APIManager.swift in Sources */ = {isa = PBXBuildFile; fileRef = CE1DA224206B5E49000C36B2 /* APIManager.swift */; };
		CE1DA227206B5EDD000C36B2 /* EmailChecker.swift in Sources */ = {isa = PBXBuildFile; fileRef = CE1DA226206B5EDD000C36B2 /* EmailChecker.swift */; };
		CE1DA229206B62B1000C36B2 /* APIUrls.swift in Sources */ = {isa = PBXBuildFile; fileRef = CE1DA228206B62B1000C36B2 /* APIUrls.swift */; };
		CE1DA22B206B67AB000C36B2 /* AlertViewController.swift in Sources */ = {isa = PBXBuildFile; fileRef = CE1DA22A206B67AB000C36B2 /* AlertViewController.swift */; };
		CE1DA22D206B7EE5000C36B2 /* SignUpViewThirdController.swift in Sources */ = {isa = PBXBuildFile; fileRef = CE1DA22C206B7EE5000C36B2 /* SignUpViewThirdController.swift */; };
		CE24D7852067AECA00B21EF3 /* ColorExtensions.swift in Sources */ = {isa = PBXBuildFile; fileRef = CE24D7842067AECA00B21EF3 /* ColorExtensions.swift */; };
		CE24D7872067B03B00B21EF3 /* SignUpViewController.swift in Sources */ = {isa = PBXBuildFile; fileRef = CE24D7862067B03B00B21EF3 /* SignUpViewController.swift */; };
		CE24D78A2067EECB00B21EF3 /* Constants.swift in Sources */ = {isa = PBXBuildFile; fileRef = CE24D7892067EECB00B21EF3 /* Constants.swift */; };
		CE24D78D2067FB8400B21EF3 /* GodoB.otf in Resources */ = {isa = PBXBuildFile; fileRef = CE24D78B2067FAF300B21EF3 /* GodoB.otf */; };
		CE24D78E2067FB8400B21EF3 /* GodoM.otf in Resources */ = {isa = PBXBuildFile; fileRef = CE24D78C2067FAF400B21EF3 /* GodoM.otf */; };
		CE3F2B88206C9FB400B4D9D0 /* SelectCityViewController.swift in Sources */ = {isa = PBXBuildFile; fileRef = CE3F2B87206C9FB400B4D9D0 /* SelectCityViewController.swift */; };
		CE3F2B8A206CBF3500B4D9D0 /* SearchCityTableViewCell.swift in Sources */ = {isa = PBXBuildFile; fileRef = CE3F2B89206CBF3500B4D9D0 /* SearchCityTableViewCell.swift */; };
		CE76E92C2068C0FD00DF46C4 /* Assets.xcassets in Resources */ = {isa = PBXBuildFile; fileRef = CE76E92B2068C0FC00DF46C4 /* Assets.xcassets */; };
		CEAAE7DD206E02A9006C2F88 /* cityNumber.sqlite in Resources */ = {isa = PBXBuildFile; fileRef = CEAAE7DC206E0289006C2F88 /* cityNumber.sqlite */; };
		CEAAE7DF206E0321006C2F88 /* CityNumberDB.swift in Sources */ = {isa = PBXBuildFile; fileRef = CEAAE7DE206E0321006C2F88 /* CityNumberDB.swift */; };
		CEAAE7E1206E0481006C2F88 /* DataManager.swift in Sources */ = {isa = PBXBuildFile; fileRef = CEAAE7E0206E0481006C2F88 /* DataManager.swift */; };
		CEE3B3BE2069E14E00156387 /* SignUpViewSeccondController.swift in Sources */ = {isa = PBXBuildFile; fileRef = CEE3B3BD2069E14E00156387 /* SignUpViewSeccondController.swift */; };
		CEE3B3C4206A22A900156387 /* Account.swift in Sources */ = {isa = PBXBuildFile; fileRef = CEE3B3C3206A22A900156387 /* Account.swift */; };
		CEE3B3C7206A2C9600156387 /* StringExtensions.swift in Sources */ = {isa = PBXBuildFile; fileRef = CEE3B3C6206A2C9600156387 /* StringExtensions.swift */; };
		CEF716342064CB1900B457E9 /* AppDelegate.swift in Sources */ = {isa = PBXBuildFile; fileRef = CEF716332064CB1900B457E9 /* AppDelegate.swift */; };
		CEF716362064CB1900B457E9 /* ViewController.swift in Sources */ = {isa = PBXBuildFile; fileRef = CEF716352064CB1900B457E9 /* ViewController.swift */; };
		CEF716392064CB1900B457E9 /* Main.storyboard in Resources */ = {isa = PBXBuildFile; fileRef = CEF716372064CB1900B457E9 /* Main.storyboard */; };
		CEF7163E2064CB1900B457E9 /* LaunchScreen.storyboard in Resources */ = {isa = PBXBuildFile; fileRef = CEF7163C2064CB1900B457E9 /* LaunchScreen.storyboard */; };
		CEF716472064D2BF00B457E9 /* loading.gif in Resources */ = {isa = PBXBuildFile; fileRef = CEF716462064D2BF00B457E9 /* loading.gif */; };
		CEF716492064DB3200B457E9 /* LaunchScreenViewController.swift in Sources */ = {isa = PBXBuildFile; fileRef = CEF716482064DB3200B457E9 /* LaunchScreenViewController.swift */; };
		CEF7164B2064F40800B457E9 /* LoginViewController.swift in Sources */ = {isa = PBXBuildFile; fileRef = CEF7164A2064F40700B457E9 /* LoginViewController.swift */; };
/* End PBXBuildFile section */

/* Begin PBXCopyFilesBuildPhase section */
		CE51A282206E3ABE00B228DD /* Embed Frameworks */ = {
			isa = PBXCopyFilesBuildPhase;
			buildActionMask = 2147483647;
			dstPath = "";
			dstSubfolderSpec = 10;
			files = (
			);
			name = "Embed Frameworks";
			runOnlyForDeploymentPostprocessing = 0;
		};
/* End PBXCopyFilesBuildPhase section */

/* Begin PBXFileReference section */
		44F1DD48C1BCB82079BD316E /* Pods_CityAdventure.framework */ = {isa = PBXFileReference; explicitFileType = wrapper.framework; includeInIndex = 0; path = Pods_CityAdventure.framework; sourceTree = BUILT_PRODUCTS_DIR; };
		CE1DA222206B5B48000C36B2 /* SignUpViewSecondPresenter.swift */ = {isa = PBXFileReference; lastKnownFileType = sourcecode.swift; path = SignUpViewSecondPresenter.swift; sourceTree = "<group>"; };
		CE1DA224206B5E49000C36B2 /* APIManager.swift */ = {isa = PBXFileReference; lastKnownFileType = sourcecode.swift; path = APIManager.swift; sourceTree = "<group>"; };
		CE1DA226206B5EDD000C36B2 /* EmailChecker.swift */ = {isa = PBXFileReference; lastKnownFileType = sourcecode.swift; path = EmailChecker.swift; sourceTree = "<group>"; };
		CE1DA228206B62B1000C36B2 /* APIUrls.swift */ = {isa = PBXFileReference; lastKnownFileType = sourcecode.swift; path = APIUrls.swift; sourceTree = "<group>"; };
		CE1DA22A206B67AB000C36B2 /* AlertViewController.swift */ = {isa = PBXFileReference; lastKnownFileType = sourcecode.swift; path = AlertViewController.swift; sourceTree = "<group>"; };
		CE1DA22C206B7EE5000C36B2 /* SignUpViewThirdController.swift */ = {isa = PBXFileReference; lastKnownFileType = sourcecode.swift; path = SignUpViewThirdController.swift; sourceTree = "<group>"; };
		CE24D7842067AECA00B21EF3 /* ColorExtensions.swift */ = {isa = PBXFileReference; lastKnownFileType = sourcecode.swift; path = ColorExtensions.swift; sourceTree = "<group>"; };
		CE24D7862067B03B00B21EF3 /* SignUpViewController.swift */ = {isa = PBXFileReference; lastKnownFileType = sourcecode.swift; path = SignUpViewController.swift; sourceTree = "<group>"; };
		CE24D7892067EECB00B21EF3 /* Constants.swift */ = {isa = PBXFileReference; lastKnownFileType = sourcecode.swift; path = Constants.swift; sourceTree = "<group>"; };
		CE24D78B2067FAF300B21EF3 /* GodoB.otf */ = {isa = PBXFileReference; lastKnownFileType = file; path = GodoB.otf; sourceTree = "<group>"; };
		CE24D78C2067FAF400B21EF3 /* GodoM.otf */ = {isa = PBXFileReference; lastKnownFileType = file; path = GodoM.otf; sourceTree = "<group>"; };
		CE3F2B87206C9FB400B4D9D0 /* SelectCityViewController.swift */ = {isa = PBXFileReference; lastKnownFileType = sourcecode.swift; path = SelectCityViewController.swift; sourceTree = "<group>"; };
		CE3F2B89206CBF3500B4D9D0 /* SearchCityTableViewCell.swift */ = {isa = PBXFileReference; lastKnownFileType = sourcecode.swift; path = SearchCityTableViewCell.swift; sourceTree = "<group>"; };
		CE76E92B2068C0FC00DF46C4 /* Assets.xcassets */ = {isa = PBXFileReference; lastKnownFileType = folder.assetcatalog; path = Assets.xcassets; sourceTree = "<group>"; };
		CEAAE7DC206E0289006C2F88 /* cityNumber.sqlite */ = {isa = PBXFileReference; lastKnownFileType = file; path = cityNumber.sqlite; sourceTree = "<group>"; };
		CEAAE7DE206E0321006C2F88 /* CityNumberDB.swift */ = {isa = PBXFileReference; lastKnownFileType = sourcecode.swift; path = CityNumberDB.swift; sourceTree = "<group>"; };
		CEAAE7E0206E0481006C2F88 /* DataManager.swift */ = {isa = PBXFileReference; lastKnownFileType = sourcecode.swift; path = DataManager.swift; sourceTree = "<group>"; };
		CEE3B3BD2069E14E00156387 /* SignUpViewSeccondController.swift */ = {isa = PBXFileReference; lastKnownFileType = sourcecode.swift; path = SignUpViewSeccondController.swift; sourceTree = "<group>"; };
		CEE3B3C3206A22A900156387 /* Account.swift */ = {isa = PBXFileReference; lastKnownFileType = sourcecode.swift; path = Account.swift; sourceTree = "<group>"; };
		CEE3B3C6206A2C9600156387 /* StringExtensions.swift */ = {isa = PBXFileReference; lastKnownFileType = sourcecode.swift; path = StringExtensions.swift; sourceTree = "<group>"; };
		CEF716302064CB1900B457E9 /* CityAdventure.app */ = {isa = PBXFileReference; explicitFileType = wrapper.application; includeInIndex = 0; path = CityAdventure.app; sourceTree = BUILT_PRODUCTS_DIR; };
		CEF716332064CB1900B457E9 /* AppDelegate.swift */ = {isa = PBXFileReference; lastKnownFileType = sourcecode.swift; path = AppDelegate.swift; sourceTree = "<group>"; };
		CEF716352064CB1900B457E9 /* ViewController.swift */ = {isa = PBXFileReference; lastKnownFileType = sourcecode.swift; path = ViewController.swift; sourceTree = "<group>"; };
		CEF716382064CB1900B457E9 /* Base */ = {isa = PBXFileReference; lastKnownFileType = file.storyboard; name = Base; path = Base.lproj/Main.storyboard; sourceTree = "<group>"; };
		CEF7163D2064CB1900B457E9 /* Base */ = {isa = PBXFileReference; lastKnownFileType = file.storyboard; name = Base; path = Base.lproj/LaunchScreen.storyboard; sourceTree = "<group>"; };
		CEF7163F2064CB1900B457E9 /* Info.plist */ = {isa = PBXFileReference; lastKnownFileType = text.plist.xml; path = Info.plist; sourceTree = "<group>"; };
		CEF716462064D2BF00B457E9 /* loading.gif */ = {isa = PBXFileReference; lastKnownFileType = image.gif; path = loading.gif; sourceTree = "<group>"; };
		CEF716482064DB3200B457E9 /* LaunchScreenViewController.swift */ = {isa = PBXFileReference; lastKnownFileType = sourcecode.swift; path = LaunchScreenViewController.swift; sourceTree = "<group>"; };
		CEF7164A2064F40700B457E9 /* LoginViewController.swift */ = {isa = PBXFileReference; lastKnownFileType = sourcecode.swift; path = LoginViewController.swift; sourceTree = "<group>"; };
		D40B980CF8BAA933F34BAA16 /* Pods-CityAdventure.release.xcconfig */ = {isa = PBXFileReference; includeInIndex = 1; lastKnownFileType = text.xcconfig; name = "Pods-CityAdventure.release.xcconfig"; path = "Pods/Target Support Files/Pods-CityAdventure/Pods-CityAdventure.release.xcconfig"; sourceTree = "<group>"; };
		FCB38DB016D227E1969074B7 /* Pods-CityAdventure.debug.xcconfig */ = {isa = PBXFileReference; includeInIndex = 1; lastKnownFileType = text.xcconfig; name = "Pods-CityAdventure.debug.xcconfig"; path = "Pods/Target Support Files/Pods-CityAdventure/Pods-CityAdventure.debug.xcconfig"; sourceTree = "<group>"; };
/* End PBXFileReference section */

/* Begin PBXFrameworksBuildPhase section */
		CEF7162D2064CB1900B457E9 /* Frameworks */ = {
			isa = PBXFrameworksBuildPhase;
			buildActionMask = 2147483647;
			files = (
				719AC02BAEEC44D234717BB9 /* Pods_CityAdventure.framework in Frameworks */,
			);
			runOnlyForDeploymentPostprocessing = 0;
		};
/* End PBXFrameworksBuildPhase section */

/* Begin PBXGroup section */
		5BB78BA01C450FB54BE89CD8 /* Frameworks */ = {
			isa = PBXGroup;
			children = (
				44F1DD48C1BCB82079BD316E /* Pods_CityAdventure.framework */,
			);
			name = Frameworks;
			sourceTree = "<group>";
		};
		9C85A1D423DEC09FAFF113EF /* Pods */ = {
			isa = PBXGroup;
			children = (
				FCB38DB016D227E1969074B7 /* Pods-CityAdventure.debug.xcconfig */,
				D40B980CF8BAA933F34BAA16 /* Pods-CityAdventure.release.xcconfig */,
			);
			name = Pods;
			sourceTree = "<group>";
		};
		CE24D77E20667D1300B21EF3 /* Fonts */ = {
			isa = PBXGroup;
			children = (
				CE24D78B2067FAF300B21EF3 /* GodoB.otf */,
				CE24D78C2067FAF400B21EF3 /* GodoM.otf */,
			);
			path = Fonts;
			sourceTree = "<group>";
		};
		CE24D7832067AE0600B21EF3 /* Utils */ = {
			isa = PBXGroup;
			children = (
				CE24D7842067AECA00B21EF3 /* ColorExtensions.swift */,
				CEE3B3C6206A2C9600156387 /* StringExtensions.swift */,
			);
			path = Utils;
			sourceTree = "<group>";
		};
		CE24D7882067EEB800B21EF3 /* Constants */ = {
			isa = PBXGroup;
			children = (
				CE24D7892067EECB00B21EF3 /* Constants.swift */,
			);
			path = Constants;
			sourceTree = "<group>";
		};
		CE3F2B86206C792100B4D9D0 /* Database */ = {
			isa = PBXGroup;
			children = (
				CEAAE7DC206E0289006C2F88 /* cityNumber.sqlite */,
			);
			path = Database;
			sourceTree = "<group>";
		};
		CEE3B3C5206A2A6A00156387 /* Models */ = {
			isa = PBXGroup;
			children = (
				CEE3B3C3206A22A900156387 /* Account.swift */,
				CE1DA226206B5EDD000C36B2 /* EmailChecker.swift */,
			);
			path = Models;
			sourceTree = "<group>";
		};
		CEF716272064CB1900B457E9 = {
			isa = PBXGroup;
			children = (
				CEF716322064CB1900B457E9 /* CityAdventure */,
				CEF716312064CB1900B457E9 /* Products */,
				9C85A1D423DEC09FAFF113EF /* Pods */,
				5BB78BA01C450FB54BE89CD8 /* Frameworks */,
			);
			sourceTree = "<group>";
		};
		CEF716312064CB1900B457E9 /* Products */ = {
			isa = PBXGroup;
			children = (
				CEF716302064CB1900B457E9 /* CityAdventure.app */,
			);
			name = Products;
			sourceTree = "<group>";
		};
		CEF716322064CB1900B457E9 /* CityAdventure */ = {
			isa = PBXGroup;
			children = (
				CE3F2B86206C792100B4D9D0 /* Database */,
				CEE3B3C5206A2A6A00156387 /* Models */,
				CE24D7882067EEB800B21EF3 /* Constants */,
				CE24D7832067AE0600B21EF3 /* Utils */,
				CEF716452064D12200B457E9 /* Assets */,
				CEF716332064CB1900B457E9 /* AppDelegate.swift */,
				CEF716352064CB1900B457E9 /* ViewController.swift */,
				CEF716482064DB3200B457E9 /* LaunchScreenViewController.swift */,
				CEF716372064CB1900B457E9 /* Main.storyboard */,
				CEF7163C2064CB1900B457E9 /* LaunchScreen.storyboard */,
				CEF7163F2064CB1900B457E9 /* Info.plist */,
				CEF7164A2064F40700B457E9 /* LoginViewController.swift */,
				CE1DA22A206B67AB000C36B2 /* AlertViewController.swift */,
				CE24D7862067B03B00B21EF3 /* SignUpViewController.swift */,
				CEE3B3BD2069E14E00156387 /* SignUpViewSeccondController.swift */,
				CE1DA222206B5B48000C36B2 /* SignUpViewSecondPresenter.swift */,
				CE1DA224206B5E49000C36B2 /* APIManager.swift */,
				CE1DA228206B62B1000C36B2 /* APIUrls.swift */,
				CE1DA22C206B7EE5000C36B2 /* SignUpViewThirdController.swift */,
				CE3F2B87206C9FB400B4D9D0 /* SelectCityViewController.swift */,
				CE3F2B89206CBF3500B4D9D0 /* SearchCityTableViewCell.swift */,
				CEAAE7DE206E0321006C2F88 /* CityNumberDB.swift */,
				CEAAE7E0206E0481006C2F88 /* DataManager.swift */,
			);
			path = CityAdventure;
			sourceTree = "<group>";
		};
		CEF716452064D12200B457E9 /* Assets */ = {
			isa = PBXGroup;
			children = (
				CE76E92B2068C0FC00DF46C4 /* Assets.xcassets */,
				CE24D77E20667D1300B21EF3 /* Fonts */,
				CEF716462064D2BF00B457E9 /* loading.gif */,
			);
			path = Assets;
			sourceTree = "<group>";
		};
/* End PBXGroup section */

/* Begin PBXNativeTarget section */
		CEF7162F2064CB1900B457E9 /* CityAdventure */ = {
			isa = PBXNativeTarget;
			buildConfigurationList = CEF716422064CB1900B457E9 /* Build configuration list for PBXNativeTarget "CityAdventure" */;
			buildPhases = (
				869CE5D3EE5214EEB81F177B /* [CP] Check Pods Manifest.lock */,
				CEF7162C2064CB1900B457E9 /* Sources */,
				CEF7162D2064CB1900B457E9 /* Frameworks */,
				CEF7162E2064CB1900B457E9 /* Resources */,
				95480FDDCCEE3CE6A56363C9 /* [CP] Embed Pods Frameworks */,
				CE51A282206E3ABE00B228DD /* Embed Frameworks */,
			);
			buildRules = (
			);
			dependencies = (
			);
			name = CityAdventure;
			productName = CityAdventure;
			productReference = CEF716302064CB1900B457E9 /* CityAdventure.app */;
			productType = "com.apple.product-type.application";
		};
/* End PBXNativeTarget section */

/* Begin PBXProject section */
		CEF716282064CB1900B457E9 /* Project object */ = {
			isa = PBXProject;
			attributes = {
				LastSwiftUpdateCheck = 0920;
				LastUpgradeCheck = 0920;
				ORGANIZATIONNAME = bubu;
				TargetAttributes = {
					CEF7162F2064CB1900B457E9 = {
						CreatedOnToolsVersion = 9.2;
						ProvisioningStyle = Automatic;
					};
				};
			};
			buildConfigurationList = CEF7162B2064CB1900B457E9 /* Build configuration list for PBXProject "CityAdventure" */;
			compatibilityVersion = "Xcode 8.0";
			developmentRegion = en;
			hasScannedForEncodings = 0;
			knownRegions = (
				en,
				Base,
			);
			mainGroup = CEF716272064CB1900B457E9;
			productRefGroup = CEF716312064CB1900B457E9 /* Products */;
			projectDirPath = "";
			projectRoot = "";
			targets = (
				CEF7162F2064CB1900B457E9 /* CityAdventure */,
			);
		};
/* End PBXProject section */

/* Begin PBXResourcesBuildPhase section */
		CEF7162E2064CB1900B457E9 /* Resources */ = {
			isa = PBXResourcesBuildPhase;
			buildActionMask = 2147483647;
			files = (
				CEAAE7DD206E02A9006C2F88 /* cityNumber.sqlite in Resources */,
				CE24D78D2067FB8400B21EF3 /* GodoB.otf in Resources */,
				CE24D78E2067FB8400B21EF3 /* GodoM.otf in Resources */,
				CEF7163E2064CB1900B457E9 /* LaunchScreen.storyboard in Resources */,
				CEF716472064D2BF00B457E9 /* loading.gif in Resources */,
				CE76E92C2068C0FD00DF46C4 /* Assets.xcassets in Resources */,
				CEF716392064CB1900B457E9 /* Main.storyboard in Resources */,
			);
			runOnlyForDeploymentPostprocessing = 0;
		};
/* End PBXResourcesBuildPhase section */

/* Begin PBXShellScriptBuildPhase section */
		869CE5D3EE5214EEB81F177B /* [CP] Check Pods Manifest.lock */ = {
			isa = PBXShellScriptBuildPhase;
			buildActionMask = 2147483647;
			files = (
			);
			inputPaths = (
				"${PODS_PODFILE_DIR_PATH}/Podfile.lock",
				"${PODS_ROOT}/Manifest.lock",
			);
			name = "[CP] Check Pods Manifest.lock";
			outputPaths = (
				"$(DERIVED_FILE_DIR)/Pods-CityAdventure-checkManifestLockResult.txt",
			);
			runOnlyForDeploymentPostprocessing = 0;
			shellPath = /bin/sh;
			shellScript = "diff \"${PODS_PODFILE_DIR_PATH}/Podfile.lock\" \"${PODS_ROOT}/Manifest.lock\" > /dev/null\nif [ $? != 0 ] ; then\n    # print error to STDERR\n    echo \"error: The sandbox is not in sync with the Podfile.lock. Run 'pod install' or update your CocoaPods installation.\" >&2\n    exit 1\nfi\n# This output is used by Xcode 'outputs' to avoid re-running this script phase.\necho \"SUCCESS\" > \"${SCRIPT_OUTPUT_FILE_0}\"\n";
			showEnvVarsInLog = 0;
		};
		95480FDDCCEE3CE6A56363C9 /* [CP] Embed Pods Frameworks */ = {
			isa = PBXShellScriptBuildPhase;
			buildActionMask = 2147483647;
			files = (
			);
			inputPaths = (
				"${SRCROOT}/Pods/Target Support Files/Pods-CityAdventure/Pods-CityAdventure-frameworks.sh",
				"${BUILT_PRODUCTS_DIR}/Alamofire/Alamofire.framework",
				"${BUILT_PRODUCTS_DIR}/AlamofireObjectMapper/AlamofireObjectMapper.framework",
				"${BUILT_PRODUCTS_DIR}/Kingfisher/Kingfisher.framework",
				"${BUILT_PRODUCTS_DIR}/ObjectMapper/ObjectMapper.framework",
				"${BUILT_PRODUCTS_DIR}/SnapKit/SnapKit.framework",
				"${BUILT_PRODUCTS_DIR}/SwiftGifOrigin/SwiftGifOrigin.framework",
				"${BUILT_PRODUCTS_DIR}/Toaster/Toaster.framework",
			);
			name = "[CP] Embed Pods Frameworks";
			outputPaths = (
				"${TARGET_BUILD_DIR}/${FRAMEWORKS_FOLDER_PATH}/Alamofire.framework",
				"${TARGET_BUILD_DIR}/${FRAMEWORKS_FOLDER_PATH}/AlamofireObjectMapper.framework",
				"${TARGET_BUILD_DIR}/${FRAMEWORKS_FOLDER_PATH}/Kingfisher.framework",
				"${TARGET_BUILD_DIR}/${FRAMEWORKS_FOLDER_PATH}/ObjectMapper.framework",
				"${TARGET_BUILD_DIR}/${FRAMEWORKS_FOLDER_PATH}/SnapKit.framework",
				"${TARGET_BUILD_DIR}/${FRAMEWORKS_FOLDER_PATH}/SwiftGifOrigin.framework",
				"${TARGET_BUILD_DIR}/${FRAMEWORKS_FOLDER_PATH}/Toaster.framework",
			);
			runOnlyForDeploymentPostprocessing = 0;
			shellPath = /bin/sh;
			shellScript = "\"${SRCROOT}/Pods/Target Support Files/Pods-CityAdventure/Pods-CityAdventure-frameworks.sh\"\n";
			showEnvVarsInLog = 0;
		};
/* End PBXShellScriptBuildPhase section */

/* Begin PBXSourcesBuildPhase section */
		CEF7162C2064CB1900B457E9 /* Sources */ = {
			isa = PBXSourcesBuildPhase;
			buildActionMask = 2147483647;
			files = (
				CE1DA227206B5EDD000C36B2 /* EmailChecker.swift in Sources */,
				CEAAE7E1206E0481006C2F88 /* DataManager.swift in Sources */,
				CE1DA225206B5E49000C36B2 /* APIManager.swift in Sources */,
				CEE3B3BE2069E14E00156387 /* SignUpViewSeccondController.swift in Sources */,
				CE24D7872067B03B00B21EF3 /* SignUpViewController.swift in Sources */,
				CEAAE7DF206E0321006C2F88 /* CityNumberDB.swift in Sources */,
				CE1DA229206B62B1000C36B2 /* APIUrls.swift in Sources */,
				CEF7164B2064F40800B457E9 /* LoginViewController.swift in Sources */,
				CE24D7852067AECA00B21EF3 /* ColorExtensions.swift in Sources */,
				CEE3B3C4206A22A900156387 /* Account.swift in Sources */,
				CEE3B3C7206A2C9600156387 /* StringExtensions.swift in Sources */,
				CEF716362064CB1900B457E9 /* ViewController.swift in Sources */,
				CE1DA22D206B7EE5000C36B2 /* SignUpViewThirdController.swift in Sources */,
				CE24D78A2067EECB00B21EF3 /* Constants.swift in Sources */,
				CE3F2B88206C9FB400B4D9D0 /* SelectCityViewController.swift in Sources */,
				CE1DA223206B5B48000C36B2 /* SignUpViewSecondPresenter.swift in Sources */,
				CE3F2B8A206CBF3500B4D9D0 /* SearchCityTableViewCell.swift in Sources */,
				CEF716492064DB3200B457E9 /* LaunchScreenViewController.swift in Sources */,
				CE1DA22B206B67AB000C36B2 /* AlertViewController.swift in Sources */,
				CEF716342064CB1900B457E9 /* AppDelegate.swift in Sources */,
			);
			runOnlyForDeploymentPostprocessing = 0;
		};
/* End PBXSourcesBuildPhase section */

/* Begin PBXVariantGroup section */
		CEF716372064CB1900B457E9 /* Main.storyboard */ = {
			isa = PBXVariantGroup;
			children = (
				CEF716382064CB1900B457E9 /* Base */,
			);
			name = Main.storyboard;
			sourceTree = "<group>";
		};
		CEF7163C2064CB1900B457E9 /* LaunchScreen.storyboard */ = {
			isa = PBXVariantGroup;
			children = (
				CEF7163D2064CB1900B457E9 /* Base */,
			);
			name = LaunchScreen.storyboard;
			sourceTree = "<group>";
		};
/* End PBXVariantGroup section */

/* Begin XCBuildConfiguration section */
		CEF716402064CB1900B457E9 /* Debug */ = {
			isa = XCBuildConfiguration;
			buildSettings = {
				ALWAYS_SEARCH_USER_PATHS = NO;
				CLANG_ANALYZER_NONNULL = YES;
				CLANG_ANALYZER_NUMBER_OBJECT_CONVERSION = YES_AGGRESSIVE;
				CLANG_CXX_LANGUAGE_STANDARD = "gnu++14";
				CLANG_CXX_LIBRARY = "libc++";
				CLANG_ENABLE_MODULES = YES;
				CLANG_ENABLE_OBJC_ARC = YES;
				CLANG_WARN_BLOCK_CAPTURE_AUTORELEASING = YES;
				CLANG_WARN_BOOL_CONVERSION = YES;
				CLANG_WARN_COMMA = YES;
				CLANG_WARN_CONSTANT_CONVERSION = YES;
				CLANG_WARN_DIRECT_OBJC_ISA_USAGE = YES_ERROR;
				CLANG_WARN_DOCUMENTATION_COMMENTS = YES;
				CLANG_WARN_EMPTY_BODY = YES;
				CLANG_WARN_ENUM_CONVERSION = YES;
				CLANG_WARN_INFINITE_RECURSION = YES;
				CLANG_WARN_INT_CONVERSION = YES;
				CLANG_WARN_NON_LITERAL_NULL_CONVERSION = YES;
				CLANG_WARN_OBJC_LITERAL_CONVERSION = YES;
				CLANG_WARN_OBJC_ROOT_CLASS = YES_ERROR;
				CLANG_WARN_RANGE_LOOP_ANALYSIS = YES;
				CLANG_WARN_STRICT_PROTOTYPES = YES;
				CLANG_WARN_SUSPICIOUS_MOVE = YES;
				CLANG_WARN_UNGUARDED_AVAILABILITY = YES_AGGRESSIVE;
				CLANG_WARN_UNREACHABLE_CODE = YES;
				CLANG_WARN__DUPLICATE_METHOD_MATCH = YES;
				CODE_SIGN_IDENTITY = "iPhone Developer";
				COPY_PHASE_STRIP = NO;
				DEBUG_INFORMATION_FORMAT = dwarf;
				ENABLE_STRICT_OBJC_MSGSEND = YES;
				ENABLE_TESTABILITY = YES;
				GCC_C_LANGUAGE_STANDARD = gnu11;
				GCC_DYNAMIC_NO_PIC = NO;
				GCC_NO_COMMON_BLOCKS = YES;
				GCC_OPTIMIZATION_LEVEL = 0;
				GCC_PREPROCESSOR_DEFINITIONS = (
					"DEBUG=1",
					"$(inherited)",
				);
				GCC_WARN_64_TO_32_BIT_CONVERSION = YES;
				GCC_WARN_ABOUT_RETURN_TYPE = YES_ERROR;
				GCC_WARN_UNDECLARED_SELECTOR = YES;
				GCC_WARN_UNINITIALIZED_AUTOS = YES_AGGRESSIVE;
				GCC_WARN_UNUSED_FUNCTION = YES;
				GCC_WARN_UNUSED_VARIABLE = YES;
				IPHONEOS_DEPLOYMENT_TARGET = 11.2;
				MTL_ENABLE_DEBUG_INFO = YES;
				ONLY_ACTIVE_ARCH = YES;
				SDKROOT = iphoneos;
				SWIFT_ACTIVE_COMPILATION_CONDITIONS = DEBUG;
				SWIFT_OPTIMIZATION_LEVEL = "-Onone";
			};
			name = Debug;
		};
		CEF716412064CB1900B457E9 /* Release */ = {
			isa = XCBuildConfiguration;
			buildSettings = {
				ALWAYS_SEARCH_USER_PATHS = NO;
				CLANG_ANALYZER_NONNULL = YES;
				CLANG_ANALYZER_NUMBER_OBJECT_CONVERSION = YES_AGGRESSIVE;
				CLANG_CXX_LANGUAGE_STANDARD = "gnu++14";
				CLANG_CXX_LIBRARY = "libc++";
				CLANG_ENABLE_MODULES = YES;
				CLANG_ENABLE_OBJC_ARC = YES;
				CLANG_WARN_BLOCK_CAPTURE_AUTORELEASING = YES;
				CLANG_WARN_BOOL_CONVERSION = YES;
				CLANG_WARN_COMMA = YES;
				CLANG_WARN_CONSTANT_CONVERSION = YES;
				CLANG_WARN_DIRECT_OBJC_ISA_USAGE = YES_ERROR;
				CLANG_WARN_DOCUMENTATION_COMMENTS = YES;
				CLANG_WARN_EMPTY_BODY = YES;
				CLANG_WARN_ENUM_CONVERSION = YES;
				CLANG_WARN_INFINITE_RECURSION = YES;
				CLANG_WARN_INT_CONVERSION = YES;
				CLANG_WARN_NON_LITERAL_NULL_CONVERSION = YES;
				CLANG_WARN_OBJC_LITERAL_CONVERSION = YES;
				CLANG_WARN_OBJC_ROOT_CLASS = YES_ERROR;
				CLANG_WARN_RANGE_LOOP_ANALYSIS = YES;
				CLANG_WARN_STRICT_PROTOTYPES = YES;
				CLANG_WARN_SUSPICIOUS_MOVE = YES;
				CLANG_WARN_UNGUARDED_AVAILABILITY = YES_AGGRESSIVE;
				CLANG_WARN_UNREACHABLE_CODE = YES;
				CLANG_WARN__DUPLICATE_METHOD_MATCH = YES;
				CODE_SIGN_IDENTITY = "iPhone Developer";
				COPY_PHASE_STRIP = NO;
				DEBUG_INFORMATION_FORMAT = "dwarf-with-dsym";
				ENABLE_NS_ASSERTIONS = NO;
				ENABLE_STRICT_OBJC_MSGSEND = YES;
				GCC_C_LANGUAGE_STANDARD = gnu11;
				GCC_NO_COMMON_BLOCKS = YES;
				GCC_WARN_64_TO_32_BIT_CONVERSION = YES;
				GCC_WARN_ABOUT_RETURN_TYPE = YES_ERROR;
				GCC_WARN_UNDECLARED_SELECTOR = YES;
				GCC_WARN_UNINITIALIZED_AUTOS = YES_AGGRESSIVE;
				GCC_WARN_UNUSED_FUNCTION = YES;
				GCC_WARN_UNUSED_VARIABLE = YES;
				IPHONEOS_DEPLOYMENT_TARGET = 11.2;
				MTL_ENABLE_DEBUG_INFO = NO;
				SDKROOT = iphoneos;
				SWIFT_OPTIMIZATION_LEVEL = "-Owholemodule";
				VALIDATE_PRODUCT = YES;
			};
			name = Release;
		};
		CEF716432064CB1900B457E9 /* Debug */ = {
			isa = XCBuildConfiguration;
			baseConfigurationReference = FCB38DB016D227E1969074B7 /* Pods-CityAdventure.debug.xcconfig */;
			buildSettings = {
				ALWAYS_EMBED_SWIFT_STANDARD_LIBRARIES = YES;
				ASSETCATALOG_COMPILER_APPICON_NAME = AppIcon;
				CODE_SIGN_STYLE = Automatic;
				DEVELOPMENT_TEAM = J5QNJTJL72;
				INFOPLIST_FILE = CityAdventure/Info.plist;
				IPHONEOS_DEPLOYMENT_TARGET = 11.2;
				LD_RUNPATH_SEARCH_PATHS = "$(inherited) @executable_path/Frameworks";
				PRODUCT_BUNDLE_IDENTIFIER = com.bubu.CityAdventure;
				PRODUCT_NAME = "$(TARGET_NAME)";
				SWIFT_VERSION = 4.0;
				TARGETED_DEVICE_FAMILY = "1,2";
			};
			name = Debug;
		};
		CEF716442064CB1900B457E9 /* Release */ = {
			isa = XCBuildConfiguration;
			baseConfigurationReference = D40B980CF8BAA933F34BAA16 /* Pods-CityAdventure.release.xcconfig */;
			buildSettings = {
				ALWAYS_EMBED_SWIFT_STANDARD_LIBRARIES = YES;
				ASSETCATALOG_COMPILER_APPICON_NAME = AppIcon;
				CODE_SIGN_STYLE = Automatic;
				DEVELOPMENT_TEAM = J5QNJTJL72;
				INFOPLIST_FILE = CityAdventure/Info.plist;
				IPHONEOS_DEPLOYMENT_TARGET = 11.2;
				LD_RUNPATH_SEARCH_PATHS = "$(inherited) @executable_path/Frameworks";
				PRODUCT_BUNDLE_IDENTIFIER = com.bubu.CityAdventure;
				PRODUCT_NAME = "$(TARGET_NAME)";
				SWIFT_VERSION = 4.0;
				TARGETED_DEVICE_FAMILY = "1,2";
			};
			name = Release;
		};
/* End XCBuildConfiguration section */

/* Begin XCConfigurationList section */
		CEF7162B2064CB1900B457E9 /* Build configuration list for PBXProject "CityAdventure" */ = {
			isa = XCConfigurationList;
			buildConfigurations = (
				CEF716402064CB1900B457E9 /* Debug */,
				CEF716412064CB1900B457E9 /* Release */,
			);
			defaultConfigurationIsVisible = 0;
			defaultConfigurationName = Release;
		};
		CEF716422064CB1900B457E9 /* Build configuration list for PBXNativeTarget "CityAdventure" */ = {
			isa = XCConfigurationList;
			buildConfigurations = (
				CEF716432064CB1900B457E9 /* Debug */,
				CEF716442064CB1900B457E9 /* Release */,
			);
			defaultConfigurationIsVisible = 0;
			defaultConfigurationName = Release;
		};
/* End XCConfigurationList section */
	};
	rootObject = CEF716282064CB1900B457E9 /* Project object */;
}
