PODS:
  - Alamofire (4.7.1)
  - AlamofireObjectMapper (5.0.0):
    - Alamofire (~> 4.1)
    - ObjectMapper (~> 3.0)
  - DCAnimationKit (0.0.6)
  - GRDB.swift (2.10.0)
  - Kingfisher (4.7.0)
  - MarqueeLabel/Swift (3.1.4)
  - ObjectMapper (3.1.0)
  - SnapKit (4.0.0)
  - SwiftGifOrigin (1.6.1)
  - Toaster (2.1.1)
  - "UITextView+Placeholder (1.2.0)"
  - "UIView+Shake (1.4.0)"

DEPENDENCIES:
  - Alamofire (~> 4.0)
  - AlamofireObjectMapper (~> 5.0)
  - DCAnimationKit
  - GRDB.swift
  - Kingfisher (~> 4.0)
  - MarqueeLabel/Swift
  - ObjectMapper (~> 3.1)
  - SnapKit (~> 4.0.0)
  - SwiftGifOrigin (~> 1.6.1)
  - Toaster
  - "UITextView+Placeholder (~> 1.2)"
  - "UIView+Shake"

SPEC REPOS:
  https://github.com/CocoaPods/Specs.git:
    - Alamofire
    - AlamofireObjectMapper
    - DCAnimationKit
    - GRDB.swift
    - Kingfisher
    - MarqueeLabel
    - ObjectMapper
    - SnapKit
    - SwiftGifOrigin
    - Toaster
    - "UITextView+Placeholder"
    - "UIView+Shake"

SPEC CHECKSUMS:
  Alamofire: 68d7d521118d49c615a8d2214d87cdf525599d30
  AlamofireObjectMapper: 5fafc816351cbbc0d486611aaeba7461c0cbad49
  DCAnimationKit: 7133bef877ce1aa113dcfeea1380ca67f91f7608
  GRDB.swift: 9859cab1b990eac62ee550d3d2208ec1b44f76af
  Kingfisher: da6b005aa96d37698e3e4f1ccfe96a5b9bbf27d6
  MarqueeLabel: bf768455fe88d427f71476ebb23f9092b660f40b
  ObjectMapper: 20505058f54e5c3ca69e1d6de9897d152a5369a6
  SnapKit: a42d492c16e80209130a3379f73596c3454b7694
  SwiftGifOrigin: d6679d3ebe9df2e049a84bc52582635107b581f6
  Toaster: a6c9532de1ded8105e77376f7dffeb2e12b46dbb
  "UITextView+Placeholder": 77680995fcdd07c3f52ec92fe1150874a2ac89ff
  "UIView+Shake": 055ad67721de1f74d29c0a1d464697e505dfc62f

PODFILE CHECKSUM: 0707d9de21784368177b0f04410133bce50150c7

COCOAPODS: 1.5.0.beta.1
